
Microsoft Visual Studio Solution File, Format Version 12.00
# Visual Studio Version 17
VisualStudioVersion = 17.12.35527.113 d17.12
MinimumVisualStudioVersion = 10.0.40219.1
Project("{2150E333-8FDC-42A3-9474-1A3956D46DE8}") = "src", "src", "{DD3410C3-9C64-4150-92EF-C94DD5D1646E}"
EndProject
Project("{2150E333-8FDC-42A3-9474-1A3956D46DE8}") = "1.Domain", "1.Domain", "{CD712673-EE92-4385-88ED-1864CD474945}"
EndProject
Project("{2150E333-8FDC-42A3-9474-1A3956D46DE8}") = "Core", "Core", "{9345E8B7-AE60-47A9-9B28-417DA94CFA7F}"
EndProject
Project("{2150E333-8FDC-42A3-9474-1A3956D46DE8}") = "Services", "Services", "{E23D6EC2-21E5-4E39-89E0-E06E4FC82990}"
EndProject
Project("{FAE04EC0-301F-11D3-BF4B-00C04F79EFBC}") = "Divarche.Domain.Core", "src\1.Domain\Core\Divarche.Domain.Core\Divarche.Domain.Core.csproj", "{D03C10EC-AE95-484F-AC47-6A086CCA4074}"
EndProject
Project("{2150E333-8FDC-42A3-9474-1A3956D46DE8}") = "0.Framework", "0.Framework", "{7A51278D-56DA-4213-B16E-4A7FD6AC705A}"
EndProject
Project("{FAE04EC0-301F-11D3-BF4B-00C04F79EFBC}") = "Framework", "src\0.Framework\Framework\Framework.csproj", "{8BFA5FC4-4BC2-4295-89CB-776BA2C9FBCC}"
EndProject
Global
	GlobalSection(SolutionConfigurationPlatforms) = preSolution
		Debug|Any CPU = Debug|Any CPU
		Release|Any CPU = Release|Any CPU
	EndGlobalSection
	GlobalSection(ProjectConfigurationPlatforms) = postSolution
		{D03C10EC-AE95-484F-AC47-6A086CCA4074}.Debug|Any CPU.ActiveCfg = Debug|Any CPU
		{D03C10EC-AE95-484F-AC47-6A086CCA4074}.Debug|Any CPU.Build.0 = Debug|Any CPU
		{D03C10EC-AE95-484F-AC47-6A086CCA4074}.Release|Any CPU.ActiveCfg = Release|Any CPU
		{D03C10EC-AE95-484F-AC47-6A086CCA4074}.Release|Any CPU.Build.0 = Release|Any CPU
		{8BFA5FC4-4BC2-4295-89CB-776BA2C9FBCC}.Debug|Any CPU.ActiveCfg = Debug|Any CPU
		{8BFA5FC4-4BC2-4295-89CB-776BA2C9FBCC}.Debug|Any CPU.Build.0 = Debug|Any CPU
		{8BFA5FC4-4BC2-4295-89CB-776BA2C9FBCC}.Release|Any CPU.ActiveCfg = Release|Any CPU
		{8BFA5FC4-4BC2-4295-89CB-776BA2C9FBCC}.Release|Any CPU.Build.0 = Release|Any CPU
	EndGlobalSection
	GlobalSection(SolutionProperties) = preSolution
		HideSolutionNode = FALSE
	EndGlobalSection
	GlobalSection(NestedProjects) = preSolution
		{CD712673-EE92-4385-88ED-1864CD474945} = {DD3410C3-9C64-4150-92EF-C94DD5D1646E}
		{9345E8B7-AE60-47A9-9B28-417DA94CFA7F} = {CD712673-EE92-4385-88ED-1864CD474945}
		{E23D6EC2-21E5-4E39-89E0-E06E4FC82990} = {CD712673-EE92-4385-88ED-1864CD474945}
		{D03C10EC-AE95-484F-AC47-6A086CCA4074} = {9345E8B7-AE60-47A9-9B28-417DA94CFA7F}
		{7A51278D-56DA-4213-B16E-4A7FD6AC705A} = {DD3410C3-9C64-4150-92EF-C94DD5D1646E}
		{8BFA5FC4-4BC2-4295-89CB-776BA2C9FBCC} = {7A51278D-56DA-4213-B16E-4A7FD6AC705A}
	EndGlobalSection
EndGlobal
